
Microsoft Visual Studio Solution File, Format Version 12.00
# Visual Studio Version 16
VisualStudioVersion = 16.0.29911.84
MinimumVisualStudioVersion = 10.0.40219.1
Project("{FAE04EC0-301F-11D3-BF4B-00C04F79EFBC}") = "bayes", "bayes\bayes.csproj", "{AD2F6927-EBD8-4589-8118-44435EAE5A3C}"
EndProject
Global
	GlobalSection(SolutionConfigurationPlatforms) = preSolution
		Debug|Any CPU = Debug|Any CPU
		Release|Any CPU = Release|Any CPU
	EndGlobalSection
	GlobalSection(ProjectConfigurationPlatforms) = postSolution
		{AD2F6927-EBD8-4589-8118-44435EAE5A3C}.Debug|Any CPU.ActiveCfg = Debug|Any CPU
		{AD2F6927-EBD8-4589-8118-44435EAE5A3C}.Debug|Any CPU.Build.0 = Debug|Any CPU
		{AD2F6927-EBD8-4589-8118-44435EAE5A3C}.Release|Any CPU.ActiveCfg = Release|Any CPU
		{AD2F6927-EBD8-4589-8118-44435EAE5A3C}.Release|Any CPU.Build.0 = Release|Any CPU
	EndGlobalSection
	GlobalSection(SolutionProperties) = preSolution
		HideSolutionNode = FALSE
	EndGlobalSection
	GlobalSection(ExtensibilityGlobals) = postSolution
		SolutionGuid = {433B2095-C7AE-4542-B6A2-4C2F2D40D640}
	EndGlobalSection
EndGlobal
